---
# Do not change!
Version: 1
# Do not change!

# # # # # # # # # # # # # # # # # # # # # # # # # # # # # # # # # # # # # # # # # # # # # # # # # #
#                                                                                                 #
#  ██████╗ ███████╗██████╗  ███████╗██╗  ██╗██╗   ██╗ ██████╗ ██╗      ██████╗  ██████╗██╗  ██╗   #
#  ██╔══██╗██╔════╝██╔══██╗ ██╔════╝██║ ██╔╝╚██╗ ██╔╝ ██╔══██╗██║     ██╔═══██╗██╔════╝██║ ██╔╝   #
#  ██████╔╝█████╗  ██║  ██║ ███████╗█████╔╝  ╚████╔╝  ██████╔╝██║     ██║   ██║██║     █████╔╝    #
#  ██╔══██╗██╔══╝  ██║  ██║ ╚════██║██╔═██╗   ╚██╔╝   ██╔══██╗██║     ██║   ██║██║     ██╔═██╗    #
#  ██║  ██║███████╗██████╔╝ ███████║██║  ██╗   ██║    ██████╔╝███████╗╚██████╔╝╚██████╗██║  ██╗   #
#  ╚═╝  ╚═╝╚══════╝╚═════╝  ╚══════╝╚═╝  ╚═╝   ╚═╝    ╚═════╝ ╚══════╝ ╚═════╝  ╚═════╝╚═╝  ╚═╝   #
#                                                                                                 #
# # # # # # # # # # # # # # # # # # # # # # # # # # # # # # # # # # # # # # # # # # # # # # # # # #

# IMPORTANT NOTICE: DO NOT EDIT ANYTHING INSIDE OF THIS FILE EVER! THIS FILE IS MAINTAINED BY THE PLUGIN
# AND IF EDITED YOU WILL BREAK THE PLUGIN AND POSSIBLY CAUSE DAMAGE TO YOUR SERVER!

SkyBlock:

Islands: 0

Custom: false

CustomX: 2

CustomY: 3

CustomZ: 4

Pos1: false

Pos2: false

x1:

x2:

y1:

y2:

z1:

z2:

blocks: []

worlds: 0
...
