---
# # # # # # # # # # # # # # # # # # # # # # # # # # # # # # # # # # # # # # # # # # # # # # # # # #
#                                                                                                 #
#  ██████╗ ███████╗██████╗  ███████╗██╗  ██╗██╗   ██╗ ██████╗ ██╗      ██████╗  ██████╗██╗  ██╗   #
#  ██╔══██╗██╔════╝██╔══██╗ ██╔════╝██║ ██╔╝╚██╗ ██╔╝ ██╔══██╗██║     ██╔═══██╗██╔════╝██║ ██╔╝   #
#  ██████╔╝█████╗  ██║  ██║ ███████╗█████╔╝  ╚████╔╝  ██████╔╝██║     ██║   ██║██║     █████╔╝    #
#  ██╔══██╗██╔══╝  ██║  ██║ ╚════██║██╔═██╗   ╚██╔╝   ██╔══██╗██║     ██║   ██║██║     ██╔═██╗    #
#  ██║  ██║███████╗██████╔╝ ███████║██║  ██╗   ██║    ██████╔╝███████╗╚██████╔╝╚██████╗██║  ██╗   #
#  ╚═╝  ╚═╝╚══════╝╚═════╝  ╚══════╝╚═╝  ╚═╝   ╚═╝    ╚═════╝ ╚══════╝ ╚═════╝  ╚═════╝╚═╝  ╚═╝   #
#                                                                                                 #
# # # # # # # # # # # # # # # # # # # # # # # # # # # # # # # # # # # # # # # # # # # # # # # # # #

# IMPORTANT NOTICE: DO NOT EDIT ANYTHING INSIDE OF THIS FILE EVER! THIS FILE IS MAINTAINED BY THE PLUGIN
# AND IF EDITED YOU WILL BREAK THE PLUGIN AND CAUSE DAMAGE TO YOUR SERVER!

SkyBlock:

Islands: 0
...
